// !$*UTF8*$!
{
	archiveVersion = 1;
	classes = {
	};
	objectVersion = 46;
	objects = {

/* Begin PBXBuildFile section */
		EF051F8017F9D2600013065F /* KSSensorController.m in Sources */ = {isa = PBXBuildFile; fileRef = EF051F7F17F9D2600013065F /* KSSensorController.m */; };
		EF0840AA17F76AB600BC7282 /* KSUtils.m in Sources */ = {isa = PBXBuildFile; fileRef = EF0840A917F76AB600BC7282 /* KSUtils.m */; };
		EF0FA79518C10060003EDECD /* NSData-Base64Extensions.m in Sources */ = {isa = PBXBuildFile; fileRef = EF0FA79418C10060003EDECD /* NSData-Base64Extensions.m */; };
		EF0FA79818C10380003EDECD /* NSColor+HexParsing.m in Sources */ = {isa = PBXBuildFile; fileRef = EF0FA79718C10380003EDECD /* NSColor+HexParsing.m */; };
		EF0FA79B18C10391003EDECD /* NSImage+ProportionalScaling.m in Sources */ = {isa = PBXBuildFile; fileRef = EF0FA79A18C10391003EDECD /* NSImage+ProportionalScaling.m */; };
		EF15174B189E91B400BC2671 /* KSSpecialApplicationsViewController.m in Sources */ = {isa = PBXBuildFile; fileRef = EF151749189E91B400BC2671 /* KSSpecialApplicationsViewController.m */; };
		EF15174C189E91B400BC2671 /* KSSpecialApplicationsViewController.xib in Resources */ = {isa = PBXBuildFile; fileRef = EF15174A189E91B400BC2671 /* KSSpecialApplicationsViewController.xib */; };
		EF1618B617FC91060026078D /* Carbon.framework in Frameworks */ = {isa = PBXBuildFile; fileRef = EF1618B517FC91060026078D /* Carbon.framework */; };
		EF1618B817FC913F0026078D /* Security.framework in Frameworks */ = {isa = PBXBuildFile; fileRef = EF1618B717FC913F0026078D /* Security.framework */; };
		EF4ED9CD17E8A1200013DCAD /* LoggerClient.m in Sources */ = {isa = PBXBuildFile; fileRef = EF4ED9CB17E8A1200013DCAD /* LoggerClient.m */; };
		EF535B2F183C1D5C00F31871 /* KSMenuController.m in Sources */ = {isa = PBXBuildFile; fileRef = EF535B2E183C1D5C00F31871 /* KSMenuController.m */; };
		EF535B31183C1FCE00F31871 /* KSMenu.xib in Resources */ = {isa = PBXBuildFile; fileRef = EF535B30183C1FCE00F31871 /* KSMenu.xib */; };
		EF7E34A118A25CF200CE2E3E /* KSURLMappingViewController.m in Sources */ = {isa = PBXBuildFile; fileRef = EF7E349F18A25CF200CE2E3E /* KSURLMappingViewController.m */; };
		EF7E34A218A25CF200CE2E3E /* KSURLMappingViewController.xib in Resources */ = {isa = PBXBuildFile; fileRef = EF7E34A018A25CF200CE2E3E /* KSURLMappingViewController.xib */; };
		EF7EFAB018B7ADFE00763507 /* KSScreenshotData.m in Sources */ = {isa = PBXBuildFile; fileRef = EF7EFAAF18B7ADFE00763507 /* KSScreenshotData.m */; };
		EF7FE45F17F308B80032ADF2 /* KSProject.m in Sources */ = {isa = PBXBuildFile; fileRef = EF7FE45E17F308B80032ADF2 /* KSProject.m */; };
		EF7FE46217F308B90032ADF2 /* KSActivity.m in Sources */ = {isa = PBXBuildFile; fileRef = EF7FE46117F308B90032ADF2 /* KSActivity.m */; };
		EF83BB0A18BD78C300C48B2E /* AFHTTPClient.m in Sources */ = {isa = PBXBuildFile; fileRef = EF83BAF218BD78C200C48B2E /* AFHTTPClient.m */; };
		EF83BB0B18BD78C300C48B2E /* AFHTTPRequestOperation.m in Sources */ = {isa = PBXBuildFile; fileRef = EF83BAF418BD78C200C48B2E /* AFHTTPRequestOperation.m */; };
		EF83BB0C18BD78C300C48B2E /* AFImageRequestOperation.m in Sources */ = {isa = PBXBuildFile; fileRef = EF83BAF618BD78C200C48B2E /* AFImageRequestOperation.m */; };
		EF83BB0D18BD78C300C48B2E /* AFJSONRequestOperation.m in Sources */ = {isa = PBXBuildFile; fileRef = EF83BAF818BD78C200C48B2E /* AFJSONRequestOperation.m */; };
		EF83BB0E18BD78C300C48B2E /* AFNetworkActivityIndicatorManager.m in Sources */ = {isa = PBXBuildFile; fileRef = EF83BAFA18BD78C200C48B2E /* AFNetworkActivityIndicatorManager.m */; };
		EF83BB0F18BD78C300C48B2E /* AFPropertyListRequestOperation.m in Sources */ = {isa = PBXBuildFile; fileRef = EF83BAFD18BD78C200C48B2E /* AFPropertyListRequestOperation.m */; };
		EF83BB1018BD78C300C48B2E /* AFURLConnectionOperation.m in Sources */ = {isa = PBXBuildFile; fileRef = EF83BAFF18BD78C200C48B2E /* AFURLConnectionOperation.m */; };
		EF83BB1118BD78C300C48B2E /* AFXMLRequestOperation.m in Sources */ = {isa = PBXBuildFile; fileRef = EF83BB0118BD78C200C48B2E /* AFXMLRequestOperation.m */; };
		EF83BB1218BD78C300C48B2E /* UIImageView+AFNetworking.m in Sources */ = {isa = PBXBuildFile; fileRef = EF83BB0318BD78C200C48B2E /* UIImageView+AFNetworking.m */; };
		EF83BB1318BD78C300C48B2E /* JSONKit.m in Sources */ = {isa = PBXBuildFile; fileRef = EF83BB0618BD78C300C48B2E /* JSONKit.m */; settings = {COMPILER_FLAGS = "-fno-objc-arc"; }; };
		EF83BB1418BD78C300C48B2E /* LaunchAtLoginController.m in Sources */ = {isa = PBXBuildFile; fileRef = EF83BB0918BD78C300C48B2E /* LaunchAtLoginController.m */; };
		EF83BB1E18BD79A100C48B2E /* NDProgrammerUtilities.m in Sources */ = {isa = PBXBuildFile; fileRef = EF83BB1718BD79A000C48B2E /* NDProgrammerUtilities.m */; };
		EF83BB1F18BD79A100C48B2E /* NSAppleEventDescriptor+NDCoercion.m in Sources */ = {isa = PBXBuildFile; fileRef = EF83BB1918BD79A100C48B2E /* NSAppleEventDescriptor+NDCoercion.m */; };
		EF83BB2018BD79A100C48B2E /* NSURL+NDCarbonUtilities.m in Sources */ = {isa = PBXBuildFile; fileRef = EF83BB1B18BD79A100C48B2E /* NSURL+NDCarbonUtilities.m */; };
		EF83BB2118BD79A100C48B2E /* NSValue+NDFourCharCode.m in Sources */ = {isa = PBXBuildFile; fileRef = EF83BB1D18BD79A100C48B2E /* NSValue+NDFourCharCode.m */; };
		EF8B4C0618119BBC00EB31DE /* KSIdleEvent.m in Sources */ = {isa = PBXBuildFile; fileRef = EF8B4C0518119BBC00EB31DE /* KSIdleEvent.m */; };
		EF90723C186F46F800768113 /* KSRecordActivityWindowController.m in Sources */ = {isa = PBXBuildFile; fileRef = EF90723A186F46F800768113 /* KSRecordActivityWindowController.m */; };
		EF90723D186F46F800768113 /* KSRecordActivityWindowController.xib in Resources */ = {isa = PBXBuildFile; fileRef = EF90723B186F46F800768113 /* KSRecordActivityWindowController.xib */; };
		EF99933717C413DC002E7458 /* KSUserInfo.m in Sources */ = {isa = PBXBuildFile; fileRef = EF99933617C413DC002E7458 /* KSUserInfo.m */; };
		EF9EC4C617C0F51F00A4A5A0 /* KSSettingsViewController.m in Sources */ = {isa = PBXBuildFile; fileRef = EF9EC4C417C0F51F00A4A5A0 /* KSSettingsViewController.m */; };
		EF9EC4C717C0F51F00A4A5A0 /* KSSettingsViewController.xib in Resources */ = {isa = PBXBuildFile; fileRef = EF9EC4C517C0F51F00A4A5A0 /* KSSettingsViewController.xib */; };
		EFA10F9E18BA64AF00B8808A /* KSTextField.m in Sources */ = {isa = PBXBuildFile; fileRef = EFA10F9D18BA64AF00B8808A /* KSTextField.m */; };
		EFA1629218104F0F002D481B /* KSProjectController.m in Sources */ = {isa = PBXBuildFile; fileRef = EFA1629118104F0F002D481B /* KSProjectController.m */; };
		EFA3306518B6672300E61E7C /* KSScreenshotGrabber.m in Sources */ = {isa = PBXBuildFile; fileRef = EFA3306418B6672300E61E7C /* KSScreenshotGrabber.m */; };
		EFA670D117BBF6DE00C43BB0 /* Cocoa.framework in Frameworks */ = {isa = PBXBuildFile; fileRef = EFA670D017BBF6DE00C43BB0 /* Cocoa.framework */; };
		EFA670DB17BBF6DE00C43BB0 /* InfoPlist.strings in Resources */ = {isa = PBXBuildFile; fileRef = EFA670D917BBF6DE00C43BB0 /* InfoPlist.strings */; };
		EFA670DD17BBF6DE00C43BB0 /* main.m in Sources */ = {isa = PBXBuildFile; fileRef = EFA670DC17BBF6DE00C43BB0 /* main.m */; };
		EFA670E117BBF6DE00C43BB0 /* Credits.rtf in Resources */ = {isa = PBXBuildFile; fileRef = EFA670DF17BBF6DE00C43BB0 /* Credits.rtf */; };
		EFA670E417BBF6DE00C43BB0 /* KSAppDelegate.m in Sources */ = {isa = PBXBuildFile; fileRef = EFA670E317BBF6DE00C43BB0 /* KSAppDelegate.m */; };
		EFA670E717BBF6DE00C43BB0 /* MainMenu.xib in Resources */ = {isa = PBXBuildFile; fileRef = EFA670E517BBF6DE00C43BB0 /* MainMenu.xib */; };
		EFA670F317BBF6DE00C43BB0 /* XCTest.framework in Frameworks */ = {isa = PBXBuildFile; fileRef = EFA670F217BBF6DE00C43BB0 /* XCTest.framework */; };
		EFA670F417BBF6DE00C43BB0 /* Cocoa.framework in Frameworks */ = {isa = PBXBuildFile; fileRef = EFA670D017BBF6DE00C43BB0 /* Cocoa.framework */; };
		EFA670FC17BBF6DE00C43BB0 /* InfoPlist.strings in Resources */ = {isa = PBXBuildFile; fileRef = EFA670FA17BBF6DE00C43BB0 /* InfoPlist.strings */; };
		EFA670FE17BBF6DE00C43BB0 /* KnowSelf_XTests.m in Sources */ = {isa = PBXBuildFile; fileRef = EFA670FD17BBF6DE00C43BB0 /* KnowSelf_XTests.m */; };
		EFA6719317BBFD3600C43BB0 /* SystemConfiguration.framework in Frameworks */ = {isa = PBXBuildFile; fileRef = EFA6719217BBFD3600C43BB0 /* SystemConfiguration.framework */; };
		EFA7DE9D180F2620000A8B4E /* ActiveFile.scpt in Resources */ = {isa = PBXBuildFile; fileRef = EFA7DE9B180F2620000A8B4E /* ActiveFile.scpt */; };
		EFA7DE9E180F2620000A8B4E /* WindowTitle.scpt in Resources */ = {isa = PBXBuildFile; fileRef = EFA7DE9C180F2620000A8B4E /* WindowTitle.scpt */; };
		EFABBDE517C2B55300043481 /* KSAPIClient.m in Sources */ = {isa = PBXBuildFile; fileRef = EFABBDE417C2B55300043481 /* KSAPIClient.m */; };
		EFABBDF117C2CEF200043481 /* libcrypto.dylib in Frameworks */ = {isa = PBXBuildFile; fileRef = EFABBDF017C2CEF200043481 /* libcrypto.dylib */; };
		EFC106F917FDD0680003A3F0 /* UrlFromBrowser.scpt in Resources */ = {isa = PBXBuildFile; fileRef = EFA6715F17BBF9B600C43BB0 /* UrlFromBrowser.scpt */; };
		EFC106FD17FDD1160003A3F0 /* Images.xcassets in Resources */ = {isa = PBXBuildFile; fileRef = EFC106FC17FDD1160003A3F0 /* Images.xcassets */; };
		EFE8F2F017BD0D1B00D6369E /* KSFocusEvent.m in Sources */ = {isa = PBXBuildFile; fileRef = EFE8F2EF17BD0D1B00D6369E /* KSFocusEvent.m */; };
		EFE8F2F617BD0D1C00D6369E /* KSEvent.m in Sources */ = {isa = PBXBuildFile; fileRef = EFE8F2F517BD0D1C00D6369E /* KSEvent.m */; };
		EFE8F31B17BD2B9C00D6369E /* KSSensor.m in Sources */ = {isa = PBXBuildFile; fileRef = EFE8F31A17BD2B9C00D6369E /* KSSensor.m */; };
		EFE8F32017BD3A6400D6369E /* KSFocusSensor.m in Sources */ = {isa = PBXBuildFile; fileRef = EFE8F31F17BD3A6400D6369E /* KSFocusSensor.m */; };
		EFE8F32317BD3B3E00D6369E /* KSIdleSensor.m in Sources */ = {isa = PBXBuildFile; fileRef = EFE8F32217BD3B3E00D6369E /* KSIdleSensor.m */; };
		EFE8F32817BD3BE100D6369E /* KSMainWindowController.m in Sources */ = {isa = PBXBuildFile; fileRef = EFE8F32617BD3BE100D6369E /* KSMainWindowController.m */; };
		EFE8F32917BD3BE100D6369E /* KSMainWindowController.xib in Resources */ = {isa = PBXBuildFile; fileRef = EFE8F32717BD3BE100D6369E /* KSMainWindowController.xib */; };
/* End PBXBuildFile section */

/* Begin PBXContainerItemProxy section */
		EFA670F517BBF6DE00C43BB0 /* PBXContainerItemProxy */ = {
			isa = PBXContainerItemProxy;
			containerPortal = EFA670C517BBF6DE00C43BB0 /* Project object */;
			proxyType = 1;
			remoteGlobalIDString = EFA670CC17BBF6DE00C43BB0;
			remoteInfo = "KnowSelf X";
		};
/* End PBXContainerItemProxy section */

/* Begin PBXFileReference section */
		EF02C12417CC0F1200548F75 /* MediaAccessibility.framework */ = {isa = PBXFileReference; lastKnownFileType = wrapper.framework; name = MediaAccessibility.framework; path = System/Library/Frameworks/MediaAccessibility.framework; sourceTree = SDKROOT; };
		EF051F7E17F9D2600013065F /* KSSensorController.h */ = {isa = PBXFileReference; fileEncoding = 4; lastKnownFileType = sourcecode.c.h; path = KSSensorController.h; sourceTree = "<group>"; };
		EF051F7F17F9D2600013065F /* KSSensorController.m */ = {isa = PBXFileReference; fileEncoding = 4; lastKnownFileType = sourcecode.c.objc; path = KSSensorController.m; sourceTree = "<group>"; };
		EF0840A817F76AB600BC7282 /* KSUtils.h */ = {isa = PBXFileReference; fileEncoding = 4; lastKnownFileType = sourcecode.c.h; path = KSUtils.h; sourceTree = "<group>"; };
		EF0840A917F76AB600BC7282 /* KSUtils.m */ = {isa = PBXFileReference; fileEncoding = 4; lastKnownFileType = sourcecode.c.objc; path = KSUtils.m; sourceTree = "<group>"; };
		EF0FA79318C10060003EDECD /* NSData-Base64Extensions.h */ = {isa = PBXFileReference; fileEncoding = 4; lastKnownFileType = sourcecode.c.h; name = "NSData-Base64Extensions.h"; path = "ThirdPartyLibraries/Base64/NSData-Base64Extensions.h"; sourceTree = "<group>"; };
		EF0FA79418C10060003EDECD /* NSData-Base64Extensions.m */ = {isa = PBXFileReference; fileEncoding = 4; lastKnownFileType = sourcecode.c.objc; name = "NSData-Base64Extensions.m"; path = "ThirdPartyLibraries/Base64/NSData-Base64Extensions.m"; sourceTree = "<group>"; };
		EF0FA79618C10380003EDECD /* NSColor+HexParsing.h */ = {isa = PBXFileReference; fileEncoding = 4; lastKnownFileType = sourcecode.c.h; name = "NSColor+HexParsing.h"; path = "ThirdPartyLibraries/Color Parsing/NSColor+HexParsing.h"; sourceTree = "<group>"; };
		EF0FA79718C10380003EDECD /* NSColor+HexParsing.m */ = {isa = PBXFileReference; fileEncoding = 4; lastKnownFileType = sourcecode.c.objc; name = "NSColor+HexParsing.m"; path = "ThirdPartyLibraries/Color Parsing/NSColor+HexParsing.m"; sourceTree = "<group>"; };
		EF0FA79918C10391003EDECD /* NSImage+ProportionalScaling.h */ = {isa = PBXFileReference; fileEncoding = 4; lastKnownFileType = sourcecode.c.h; name = "NSImage+ProportionalScaling.h"; path = "ThirdPartyLibraries/Image Scaling/NSImage+ProportionalScaling.h"; sourceTree = "<group>"; };
		EF0FA79A18C10391003EDECD /* NSImage+ProportionalScaling.m */ = {isa = PBXFileReference; fileEncoding = 4; lastKnownFileType = sourcecode.c.objc; name = "NSImage+ProportionalScaling.m"; path = "ThirdPartyLibraries/Image Scaling/NSImage+ProportionalScaling.m"; sourceTree = "<group>"; };
		EF151748189E91B400BC2671 /* KSSpecialApplicationsViewController.h */ = {isa = PBXFileReference; fileEncoding = 4; lastKnownFileType = sourcecode.c.h; path = KSSpecialApplicationsViewController.h; sourceTree = "<group>"; };
		EF151749189E91B400BC2671 /* KSSpecialApplicationsViewController.m */ = {isa = PBXFileReference; fileEncoding = 4; lastKnownFileType = sourcecode.c.objc; path = KSSpecialApplicationsViewController.m; sourceTree = "<group>"; };
		EF15174A189E91B400BC2671 /* KSSpecialApplicationsViewController.xib */ = {isa = PBXFileReference; fileEncoding = 4; lastKnownFileType = file.xib; path = KSSpecialApplicationsViewController.xib; sourceTree = "<group>"; };
		EF1618B517FC91060026078D /* Carbon.framework */ = {isa = PBXFileReference; lastKnownFileType = wrapper.framework; name = Carbon.framework; path = Platforms/MacOSX.platform/Developer/SDKs/MacOSX10.8.sdk/System/Library/Frameworks/Carbon.framework; sourceTree = DEVELOPER_DIR; };
		EF1618B717FC913F0026078D /* Security.framework */ = {isa = PBXFileReference; lastKnownFileType = wrapper.framework; name = Security.framework; path = Platforms/MacOSX.platform/Developer/SDKs/MacOSX10.8.sdk/System/Library/Frameworks/Security.framework; sourceTree = DEVELOPER_DIR; };
		EF4ED9CA17E8A1200013DCAD /* LoggerClient.h */ = {isa = PBXFileReference; fileEncoding = 4; lastKnownFileType = sourcecode.c.h; path = LoggerClient.h; sourceTree = "<group>"; };
		EF4ED9CB17E8A1200013DCAD /* LoggerClient.m */ = {isa = PBXFileReference; fileEncoding = 4; lastKnownFileType = sourcecode.c.objc; path = LoggerClient.m; sourceTree = "<group>"; };
		EF4ED9CC17E8A1200013DCAD /* LoggerCommon.h */ = {isa = PBXFileReference; fileEncoding = 4; lastKnownFileType = sourcecode.c.h; path = LoggerCommon.h; sourceTree = "<group>"; };
		EF535B2D183C1D5C00F31871 /* KSMenuController.h */ = {isa = PBXFileReference; fileEncoding = 4; lastKnownFileType = sourcecode.c.h; path = KSMenuController.h; sourceTree = "<group>"; };
		EF535B2E183C1D5C00F31871 /* KSMenuController.m */ = {isa = PBXFileReference; fileEncoding = 4; lastKnownFileType = sourcecode.c.objc; path = KSMenuController.m; sourceTree = "<group>"; };
		EF535B30183C1FCE00F31871 /* KSMenu.xib */ = {isa = PBXFileReference; fileEncoding = 4; lastKnownFileType = file.xib; path = KSMenu.xib; sourceTree = "<group>"; };
		EF7E349E18A25CF200CE2E3E /* KSURLMappingViewController.h */ = {isa = PBXFileReference; fileEncoding = 4; lastKnownFileType = sourcecode.c.h; path = KSURLMappingViewController.h; sourceTree = "<group>"; };
		EF7E349F18A25CF200CE2E3E /* KSURLMappingViewController.m */ = {isa = PBXFileReference; fileEncoding = 4; lastKnownFileType = sourcecode.c.objc; path = KSURLMappingViewController.m; sourceTree = "<group>"; };
		EF7E34A018A25CF200CE2E3E /* KSURLMappingViewController.xib */ = {isa = PBXFileReference; fileEncoding = 4; lastKnownFileType = file.xib; path = KSURLMappingViewController.xib; sourceTree = "<group>"; };
		EF7EFAAE18B7ADFE00763507 /* KSScreenshotData.h */ = {isa = PBXFileReference; fileEncoding = 4; lastKnownFileType = sourcecode.c.h; path = KSScreenshotData.h; sourceTree = "<group>"; };
		EF7EFAAF18B7ADFE00763507 /* KSScreenshotData.m */ = {isa = PBXFileReference; fileEncoding = 4; lastKnownFileType = sourcecode.c.objc; path = KSScreenshotData.m; sourceTree = "<group>"; };
		EF7FE45D17F308B80032ADF2 /* KSProject.h */ = {isa = PBXFileReference; fileEncoding = 4; lastKnownFileType = sourcecode.c.h; path = KSProject.h; sourceTree = "<group>"; };
		EF7FE45E17F308B80032ADF2 /* KSProject.m */ = {isa = PBXFileReference; fileEncoding = 4; lastKnownFileType = sourcecode.c.objc; path = KSProject.m; sourceTree = "<group>"; };
		EF7FE46017F308B90032ADF2 /* KSActivity.h */ = {isa = PBXFileReference; fileEncoding = 4; lastKnownFileType = sourcecode.c.h; path = KSActivity.h; sourceTree = "<group>"; };
		EF7FE46117F308B90032ADF2 /* KSActivity.m */ = {isa = PBXFileReference; fileEncoding = 4; lastKnownFileType = sourcecode.c.objc; path = KSActivity.m; sourceTree = "<group>"; };
		EF83BAF118BD78C200C48B2E /* AFHTTPClient.h */ = {isa = PBXFileReference; fileEncoding = 4; lastKnownFileType = sourcecode.c.h; path = AFHTTPClient.h; sourceTree = "<group>"; };
		EF83BAF218BD78C200C48B2E /* AFHTTPClient.m */ = {isa = PBXFileReference; fileEncoding = 4; lastKnownFileType = sourcecode.c.objc; path = AFHTTPClient.m; sourceTree = "<group>"; };
		EF83BAF318BD78C200C48B2E /* AFHTTPRequestOperation.h */ = {isa = PBXFileReference; fileEncoding = 4; lastKnownFileType = sourcecode.c.h; path = AFHTTPRequestOperation.h; sourceTree = "<group>"; };
		EF83BAF418BD78C200C48B2E /* AFHTTPRequestOperation.m */ = {isa = PBXFileReference; fileEncoding = 4; lastKnownFileType = sourcecode.c.objc; path = AFHTTPRequestOperation.m; sourceTree = "<group>"; };
		EF83BAF518BD78C200C48B2E /* AFImageRequestOperation.h */ = {isa = PBXFileReference; fileEncoding = 4; lastKnownFileType = sourcecode.c.h; path = AFImageRequestOperation.h; sourceTree = "<group>"; };
		EF83BAF618BD78C200C48B2E /* AFImageRequestOperation.m */ = {isa = PBXFileReference; fileEncoding = 4; lastKnownFileType = sourcecode.c.objc; path = AFImageRequestOperation.m; sourceTree = "<group>"; };
		EF83BAF718BD78C200C48B2E /* AFJSONRequestOperation.h */ = {isa = PBXFileReference; fileEncoding = 4; lastKnownFileType = sourcecode.c.h; path = AFJSONRequestOperation.h; sourceTree = "<group>"; };
		EF83BAF818BD78C200C48B2E /* AFJSONRequestOperation.m */ = {isa = PBXFileReference; fileEncoding = 4; lastKnownFileType = sourcecode.c.objc; path = AFJSONRequestOperation.m; sourceTree = "<group>"; };
		EF83BAF918BD78C200C48B2E /* AFNetworkActivityIndicatorManager.h */ = {isa = PBXFileReference; fileEncoding = 4; lastKnownFileType = sourcecode.c.h; path = AFNetworkActivityIndicatorManager.h; sourceTree = "<group>"; };
		EF83BAFA18BD78C200C48B2E /* AFNetworkActivityIndicatorManager.m */ = {isa = PBXFileReference; fileEncoding = 4; lastKnownFileType = sourcecode.c.objc; path = AFNetworkActivityIndicatorManager.m; sourceTree = "<group>"; };
		EF83BAFB18BD78C200C48B2E /* AFNetworking.h */ = {isa = PBXFileReference; fileEncoding = 4; lastKnownFileType = sourcecode.c.h; path = AFNetworking.h; sourceTree = "<group>"; };
		EF83BAFC18BD78C200C48B2E /* AFPropertyListRequestOperation.h */ = {isa = PBXFileReference; fileEncoding = 4; lastKnownFileType = sourcecode.c.h; path = AFPropertyListRequestOperation.h; sourceTree = "<group>"; };
		EF83BAFD18BD78C200C48B2E /* AFPropertyListRequestOperation.m */ = {isa = PBXFileReference; fileEncoding = 4; lastKnownFileType = sourcecode.c.objc; path = AFPropertyListRequestOperation.m; sourceTree = "<group>"; };
		EF83BAFE18BD78C200C48B2E /* AFURLConnectionOperation.h */ = {isa = PBXFileReference; fileEncoding = 4; lastKnownFileType = sourcecode.c.h; path = AFURLConnectionOperation.h; sourceTree = "<group>"; };
		EF83BAFF18BD78C200C48B2E /* AFURLConnectionOperation.m */ = {isa = PBXFileReference; fileEncoding = 4; lastKnownFileType = sourcecode.c.objc; path = AFURLConnectionOperation.m; sourceTree = "<group>"; };
		EF83BB0018BD78C200C48B2E /* AFXMLRequestOperation.h */ = {isa = PBXFileReference; fileEncoding = 4; lastKnownFileType = sourcecode.c.h; path = AFXMLRequestOperation.h; sourceTree = "<group>"; };
		EF83BB0118BD78C200C48B2E /* AFXMLRequestOperation.m */ = {isa = PBXFileReference; fileEncoding = 4; lastKnownFileType = sourcecode.c.objc; path = AFXMLRequestOperation.m; sourceTree = "<group>"; };
		EF83BB0218BD78C200C48B2E /* UIImageView+AFNetworking.h */ = {isa = PBXFileReference; fileEncoding = 4; lastKnownFileType = sourcecode.c.h; path = "UIImageView+AFNetworking.h"; sourceTree = "<group>"; };
		EF83BB0318BD78C200C48B2E /* UIImageView+AFNetworking.m */ = {isa = PBXFileReference; fileEncoding = 4; lastKnownFileType = sourcecode.c.objc; path = "UIImageView+AFNetworking.m"; sourceTree = "<group>"; };
		EF83BB0518BD78C300C48B2E /* JSONKit.h */ = {isa = PBXFileReference; fileEncoding = 4; lastKnownFileType = sourcecode.c.h; path = JSONKit.h; sourceTree = "<group>"; };
		EF83BB0618BD78C300C48B2E /* JSONKit.m */ = {isa = PBXFileReference; fileEncoding = 4; lastKnownFileType = sourcecode.c.objc; path = JSONKit.m; sourceTree = "<group>"; };
		EF83BB0818BD78C300C48B2E /* LaunchAtLoginController.h */ = {isa = PBXFileReference; fileEncoding = 4; lastKnownFileType = sourcecode.c.h; path = LaunchAtLoginController.h; sourceTree = "<group>"; };
		EF83BB0918BD78C300C48B2E /* LaunchAtLoginController.m */ = {isa = PBXFileReference; fileEncoding = 4; lastKnownFileType = sourcecode.c.objc; path = LaunchAtLoginController.m; sourceTree = "<group>"; };
		EF83BB1618BD79A000C48B2E /* NDProgrammerUtilities.h */ = {isa = PBXFileReference; fileEncoding = 4; lastKnownFileType = sourcecode.c.h; path = NDProgrammerUtilities.h; sourceTree = "<group>"; };
		EF83BB1718BD79A000C48B2E /* NDProgrammerUtilities.m */ = {isa = PBXFileReference; fileEncoding = 4; lastKnownFileType = sourcecode.c.objc; path = NDProgrammerUtilities.m; sourceTree = "<group>"; };
		EF83BB1818BD79A100C48B2E /* NSAppleEventDescriptor+NDCoercion.h */ = {isa = PBXFileReference; fileEncoding = 4; lastKnownFileType = sourcecode.c.h; path = "NSAppleEventDescriptor+NDCoercion.h"; sourceTree = "<group>"; };
		EF83BB1918BD79A100C48B2E /* NSAppleEventDescriptor+NDCoercion.m */ = {isa = PBXFileReference; fileEncoding = 4; lastKnownFileType = sourcecode.c.objc; path = "NSAppleEventDescriptor+NDCoercion.m"; sourceTree = "<group>"; };
		EF83BB1A18BD79A100C48B2E /* NSURL+NDCarbonUtilities.h */ = {isa = PBXFileReference; fileEncoding = 4; lastKnownFileType = sourcecode.c.h; path = "NSURL+NDCarbonUtilities.h"; sourceTree = "<group>"; };
		EF83BB1B18BD79A100C48B2E /* NSURL+NDCarbonUtilities.m */ = {isa = PBXFileReference; fileEncoding = 4; lastKnownFileType = sourcecode.c.objc; path = "NSURL+NDCarbonUtilities.m"; sourceTree = "<group>"; };
		EF83BB1C18BD79A100C48B2E /* NSValue+NDFourCharCode.h */ = {isa = PBXFileReference; fileEncoding = 4; lastKnownFileType = sourcecode.c.h; path = "NSValue+NDFourCharCode.h"; sourceTree = "<group>"; };
		EF83BB1D18BD79A100C48B2E /* NSValue+NDFourCharCode.m */ = {isa = PBXFileReference; fileEncoding = 4; lastKnownFileType = sourcecode.c.objc; path = "NSValue+NDFourCharCode.m"; sourceTree = "<group>"; };
		EF8B4C0418119BBC00EB31DE /* KSIdleEvent.h */ = {isa = PBXFileReference; fileEncoding = 4; lastKnownFileType = sourcecode.c.h; path = KSIdleEvent.h; sourceTree = "<group>"; };
		EF8B4C0518119BBC00EB31DE /* KSIdleEvent.m */ = {isa = PBXFileReference; fileEncoding = 4; lastKnownFileType = sourcecode.c.objc; path = KSIdleEvent.m; sourceTree = "<group>"; };
		EF907239186F46F800768113 /* KSRecordActivityWindowController.h */ = {isa = PBXFileReference; fileEncoding = 4; lastKnownFileType = sourcecode.c.h; path = KSRecordActivityWindowController.h; sourceTree = "<group>"; };
		EF90723A186F46F800768113 /* KSRecordActivityWindowController.m */ = {isa = PBXFileReference; fileEncoding = 4; lastKnownFileType = sourcecode.c.objc; path = KSRecordActivityWindowController.m; sourceTree = "<group>"; };
		EF90723B186F46F800768113 /* KSRecordActivityWindowController.xib */ = {isa = PBXFileReference; fileEncoding = 4; lastKnownFileType = file.xib; path = KSRecordActivityWindowController.xib; sourceTree = "<group>"; };
		EF99933517C413DC002E7458 /* KSUserInfo.h */ = {isa = PBXFileReference; fileEncoding = 4; lastKnownFileType = sourcecode.c.h; path = KSUserInfo.h; sourceTree = "<group>"; };
		EF99933617C413DC002E7458 /* KSUserInfo.m */ = {isa = PBXFileReference; fileEncoding = 4; lastKnownFileType = sourcecode.c.objc; path = KSUserInfo.m; sourceTree = "<group>"; };
		EF9EC4C317C0F51F00A4A5A0 /* KSSettingsViewController.h */ = {isa = PBXFileReference; fileEncoding = 4; lastKnownFileType = sourcecode.c.h; path = KSSettingsViewController.h; sourceTree = "<group>"; };
		EF9EC4C417C0F51F00A4A5A0 /* KSSettingsViewController.m */ = {isa = PBXFileReference; fileEncoding = 4; lastKnownFileType = sourcecode.c.objc; path = KSSettingsViewController.m; sourceTree = "<group>"; };
		EF9EC4C517C0F51F00A4A5A0 /* KSSettingsViewController.xib */ = {isa = PBXFileReference; fileEncoding = 4; lastKnownFileType = file.xib; path = KSSettingsViewController.xib; sourceTree = "<group>"; };
		EFA10F9518BA4C0500B8808A /* KSIdleTimeHelper.h */ = {isa = PBXFileReference; lastKnownFileType = sourcecode.c.h; path = KSIdleTimeHelper.h; sourceTree = "<group>"; };
		EFA10F9C18BA64AF00B8808A /* KSTextField.h */ = {isa = PBXFileReference; fileEncoding = 4; lastKnownFileType = sourcecode.c.h; path = KSTextField.h; sourceTree = "<group>"; };
		EFA10F9D18BA64AF00B8808A /* KSTextField.m */ = {isa = PBXFileReference; fileEncoding = 4; lastKnownFileType = sourcecode.c.objc; path = KSTextField.m; sourceTree = "<group>"; };
		EFA1629018104F0F002D481B /* KSProjectController.h */ = {isa = PBXFileReference; fileEncoding = 4; lastKnownFileType = sourcecode.c.h; path = KSProjectController.h; sourceTree = "<group>"; };
		EFA1629118104F0F002D481B /* KSProjectController.m */ = {isa = PBXFileReference; fileEncoding = 4; lastKnownFileType = sourcecode.c.objc; path = KSProjectController.m; sourceTree = "<group>"; };
		EFA3306318B6672300E61E7C /* KSScreenshotGrabber.h */ = {isa = PBXFileReference; fileEncoding = 4; lastKnownFileType = sourcecode.c.h; path = KSScreenshotGrabber.h; sourceTree = "<group>"; };
		EFA3306418B6672300E61E7C /* KSScreenshotGrabber.m */ = {isa = PBXFileReference; fileEncoding = 4; lastKnownFileType = sourcecode.c.objc; path = KSScreenshotGrabber.m; sourceTree = "<group>"; };
		EFA5774B18B9429D00A9F2A1 /* KSExportable.h */ = {isa = PBXFileReference; fileEncoding = 4; lastKnownFileType = sourcecode.c.h; path = KSExportable.h; sourceTree = "<group>"; };
		EFA5774E18B9528D00A9F2A1 /* KSImportable.h */ = {isa = PBXFileReference; fileEncoding = 4; lastKnownFileType = sourcecode.c.h; path = KSImportable.h; sourceTree = "<group>"; };
		EFA670CD17BBF6DE00C43BB0 /* KnowSensor X.app */ = {isa = PBXFileReference; explicitFileType = wrapper.application; includeInIndex = 0; path = "KnowSensor X.app"; sourceTree = BUILT_PRODUCTS_DIR; };
		EFA670D017BBF6DE00C43BB0 /* Cocoa.framework */ = {isa = PBXFileReference; lastKnownFileType = wrapper.framework; name = Cocoa.framework; path = System/Library/Frameworks/Cocoa.framework; sourceTree = SDKROOT; };
		EFA670D317BBF6DE00C43BB0 /* AppKit.framework */ = {isa = PBXFileReference; lastKnownFileType = wrapper.framework; name = AppKit.framework; path = System/Library/Frameworks/AppKit.framework; sourceTree = SDKROOT; };
		EFA670D417BBF6DE00C43BB0 /* CoreData.framework */ = {isa = PBXFileReference; lastKnownFileType = wrapper.framework; name = CoreData.framework; path = System/Library/Frameworks/CoreData.framework; sourceTree = SDKROOT; };
		EFA670D517BBF6DE00C43BB0 /* Foundation.framework */ = {isa = PBXFileReference; lastKnownFileType = wrapper.framework; name = Foundation.framework; path = System/Library/Frameworks/Foundation.framework; sourceTree = SDKROOT; };
		EFA670D817BBF6DE00C43BB0 /* KnowSensor X-Info.plist */ = {isa = PBXFileReference; lastKnownFileType = text.plist.xml; path = "KnowSensor X-Info.plist"; sourceTree = "<group>"; };
		EFA670DA17BBF6DE00C43BB0 /* en */ = {isa = PBXFileReference; lastKnownFileType = text.plist.strings; name = en; path = en.lproj/InfoPlist.strings; sourceTree = "<group>"; };
		EFA670DC17BBF6DE00C43BB0 /* main.m */ = {isa = PBXFileReference; lastKnownFileType = sourcecode.c.objc; path = main.m; sourceTree = "<group>"; };
		EFA670DE17BBF6DE00C43BB0 /* KnowSensor X-Prefix.pch */ = {isa = PBXFileReference; lastKnownFileType = sourcecode.c.h; path = "KnowSensor X-Prefix.pch"; sourceTree = "<group>"; };
		EFA670E017BBF6DE00C43BB0 /* en */ = {isa = PBXFileReference; lastKnownFileType = text.rtf; name = en; path = en.lproj/Credits.rtf; sourceTree = "<group>"; };
		EFA670E217BBF6DE00C43BB0 /* KSAppDelegate.h */ = {isa = PBXFileReference; lastKnownFileType = sourcecode.c.h; path = KSAppDelegate.h; sourceTree = "<group>"; };
		EFA670E317BBF6DE00C43BB0 /* KSAppDelegate.m */ = {isa = PBXFileReference; lastKnownFileType = sourcecode.c.objc; path = KSAppDelegate.m; sourceTree = "<group>"; };
		EFA670E617BBF6DE00C43BB0 /* Base */ = {isa = PBXFileReference; lastKnownFileType = file.xib; name = Base; path = Base.lproj/MainMenu.xib; sourceTree = "<group>"; };
		EFA670F117BBF6DE00C43BB0 /* KnowSensor XTests.xctest */ = {isa = PBXFileReference; explicitFileType = wrapper.cfbundle; includeInIndex = 0; path = "KnowSensor XTests.xctest"; sourceTree = BUILT_PRODUCTS_DIR; };
		EFA670F217BBF6DE00C43BB0 /* XCTest.framework */ = {isa = PBXFileReference; lastKnownFileType = wrapper.framework; name = XCTest.framework; path = Library/Frameworks/XCTest.framework; sourceTree = DEVELOPER_DIR; };
		EFA670F917BBF6DE00C43BB0 /* KnowSensor XTests-Info.plist */ = {isa = PBXFileReference; lastKnownFileType = text.plist.xml; path = "KnowSensor XTests-Info.plist"; sourceTree = "<group>"; };
		EFA670FB17BBF6DE00C43BB0 /* en */ = {isa = PBXFileReference; lastKnownFileType = text.plist.strings; name = en; path = en.lproj/InfoPlist.strings; sourceTree = "<group>"; };
		EFA670FD17BBF6DE00C43BB0 /* KnowSelf_XTests.m */ = {isa = PBXFileReference; lastKnownFileType = sourcecode.c.objc; path = KnowSelf_XTests.m; sourceTree = "<group>"; };
		EFA6715F17BBF9B600C43BB0 /* UrlFromBrowser.scpt */ = {isa = PBXFileReference; lastKnownFileType = file; path = UrlFromBrowser.scpt; sourceTree = "<group>"; };
		EFA6719217BBFD3600C43BB0 /* SystemConfiguration.framework */ = {isa = PBXFileReference; lastKnownFileType = wrapper.framework; name = SystemConfiguration.framework; path = System/Library/Frameworks/SystemConfiguration.framework; sourceTree = SDKROOT; };
		EFA7DE9B180F2620000A8B4E /* ActiveFile.scpt */ = {isa = PBXFileReference; lastKnownFileType = file; path = ActiveFile.scpt; sourceTree = "<group>"; };
		EFA7DE9C180F2620000A8B4E /* WindowTitle.scpt */ = {isa = PBXFileReference; lastKnownFileType = file; path = WindowTitle.scpt; sourceTree = "<group>"; };
		EFABBDE317C2B55300043481 /* KSAPIClient.h */ = {isa = PBXFileReference; fileEncoding = 4; lastKnownFileType = sourcecode.c.h; path = KSAPIClient.h; sourceTree = "<group>"; };
		EFABBDE417C2B55300043481 /* KSAPIClient.m */ = {isa = PBXFileReference; fileEncoding = 4; lastKnownFileType = sourcecode.c.objc; path = KSAPIClient.m; sourceTree = "<group>"; };
		EFABBDF017C2CEF200043481 /* libcrypto.dylib */ = {isa = PBXFileReference; lastKnownFileType = "compiled.mach-o.dylib"; name = libcrypto.dylib; path = usr/lib/libcrypto.dylib; sourceTree = SDKROOT; };
		EFC106FC17FDD1160003A3F0 /* Images.xcassets */ = {isa = PBXFileReference; lastKnownFileType = folder.assetcatalog; name = Images.xcassets; path = "KnowSensor X/Images.xcassets"; sourceTree = SOURCE_ROOT; };
		EFE8F2EE17BD0D1B00D6369E /* KSFocusEvent.h */ = {isa = PBXFileReference; fileEncoding = 4; lastKnownFileType = sourcecode.c.h; path = KSFocusEvent.h; sourceTree = "<group>"; };
		EFE8F2EF17BD0D1B00D6369E /* KSFocusEvent.m */ = {isa = PBXFileReference; fileEncoding = 4; lastKnownFileType = sourcecode.c.objc; path = KSFocusEvent.m; sourceTree = "<group>"; };
		EFE8F2F417BD0D1C00D6369E /* KSEvent.h */ = {isa = PBXFileReference; fileEncoding = 4; lastKnownFileType = sourcecode.c.h; path = KSEvent.h; sourceTree = "<group>"; };
		EFE8F2F517BD0D1C00D6369E /* KSEvent.m */ = {isa = PBXFileReference; fileEncoding = 4; lastKnownFileType = sourcecode.c.objc; path = KSEvent.m; sourceTree = "<group>"; };
		EFE8F31917BD2B9C00D6369E /* KSSensor.h */ = {isa = PBXFileReference; fileEncoding = 4; lastKnownFileType = sourcecode.c.h; path = KSSensor.h; sourceTree = "<group>"; };
		EFE8F31A17BD2B9C00D6369E /* KSSensor.m */ = {isa = PBXFileReference; fileEncoding = 4; lastKnownFileType = sourcecode.c.objc; path = KSSensor.m; sourceTree = "<group>"; };
		EFE8F31D17BD2F6A00D6369E /* KSGlobals.h */ = {isa = PBXFileReference; fileEncoding = 4; lastKnownFileType = sourcecode.c.h; path = KSGlobals.h; sourceTree = "<group>"; };
		EFE8F31E17BD3A6400D6369E /* KSFocusSensor.h */ = {isa = PBXFileReference; fileEncoding = 4; lastKnownFileType = sourcecode.c.h; path = KSFocusSensor.h; sourceTree = "<group>"; };
		EFE8F31F17BD3A6400D6369E /* KSFocusSensor.m */ = {isa = PBXFileReference; fileEncoding = 4; lastKnownFileType = sourcecode.c.objc; path = KSFocusSensor.m; sourceTree = "<group>"; };
		EFE8F32117BD3B3E00D6369E /* KSIdleSensor.h */ = {isa = PBXFileReference; fileEncoding = 4; lastKnownFileType = sourcecode.c.h; path = KSIdleSensor.h; sourceTree = "<group>"; };
		EFE8F32217BD3B3E00D6369E /* KSIdleSensor.m */ = {isa = PBXFileReference; fileEncoding = 4; lastKnownFileType = sourcecode.c.objc; path = KSIdleSensor.m; sourceTree = "<group>"; };
		EFE8F32517BD3BE100D6369E /* KSMainWindowController.h */ = {isa = PBXFileReference; fileEncoding = 4; lastKnownFileType = sourcecode.c.h; path = KSMainWindowController.h; sourceTree = "<group>"; };
		EFE8F32617BD3BE100D6369E /* KSMainWindowController.m */ = {isa = PBXFileReference; fileEncoding = 4; lastKnownFileType = sourcecode.c.objc; path = KSMainWindowController.m; sourceTree = "<group>"; };
		EFE8F32717BD3BE100D6369E /* KSMainWindowController.xib */ = {isa = PBXFileReference; fileEncoding = 4; lastKnownFileType = file.xib; path = KSMainWindowController.xib; sourceTree = "<group>"; };
/* End PBXFileReference section */

/* Begin PBXFrameworksBuildPhase section */
		EFA670CA17BBF6DE00C43BB0 /* Frameworks */ = {
			isa = PBXFrameworksBuildPhase;
			buildActionMask = 2147483647;
			files = (
				EF1618B817FC913F0026078D /* Security.framework in Frameworks */,
				EF1618B617FC91060026078D /* Carbon.framework in Frameworks */,
				EFABBDF117C2CEF200043481 /* libcrypto.dylib in Frameworks */,
				EFA6719317BBFD3600C43BB0 /* SystemConfiguration.framework in Frameworks */,
				EFA670D117BBF6DE00C43BB0 /* Cocoa.framework in Frameworks */,
			);
			runOnlyForDeploymentPostprocessing = 0;
		};
		EFA670EE17BBF6DE00C43BB0 /* Frameworks */ = {
			isa = PBXFrameworksBuildPhase;
			buildActionMask = 2147483647;
			files = (
				EFA670F417BBF6DE00C43BB0 /* Cocoa.framework in Frameworks */,
				EFA670F317BBF6DE00C43BB0 /* XCTest.framework in Frameworks */,
			);
			runOnlyForDeploymentPostprocessing = 0;
		};
/* End PBXFrameworksBuildPhase section */

/* Begin PBXGroup section */
		EF051F7D17F9D2410013065F /* Controllers */ = {
			isa = PBXGroup;
			children = (
				EF051F7E17F9D2600013065F /* KSSensorController.h */,
				EF051F7F17F9D2600013065F /* KSSensorController.m */,
				EFA1629018104F0F002D481B /* KSProjectController.h */,
				EFA1629118104F0F002D481B /* KSProjectController.m */,
			);
			name = Controllers;
			sourceTree = "<group>";
		};
		EF2D36A118BABA3400117CCE /* Protocols */ = {
			isa = PBXGroup;
			children = (
				EFA5774B18B9429D00A9F2A1 /* KSExportable.h */,
				EFA5774E18B9528D00A9F2A1 /* KSImportable.h */,
			);
			name = Protocols;
			sourceTree = "<group>";
		};
		EF2D36A218BABA4600117CCE /* Events */ = {
			isa = PBXGroup;
			children = (
				EF8B4C0418119BBC00EB31DE /* KSIdleEvent.h */,
				EF8B4C0518119BBC00EB31DE /* KSIdleEvent.m */,
				EFE8F2F417BD0D1C00D6369E /* KSEvent.h */,
				EFE8F2F517BD0D1C00D6369E /* KSEvent.m */,
				EFE8F2EE17BD0D1B00D6369E /* KSFocusEvent.h */,
				EFE8F2EF17BD0D1B00D6369E /* KSFocusEvent.m */,
				EF7EFAAE18B7ADFE00763507 /* KSScreenshotData.h */,
				EF7EFAAF18B7ADFE00763507 /* KSScreenshotData.m */,
			);
			name = Events;
			sourceTree = "<group>";
		};
		EF2D36A318BABA5A00117CCE /* Projects/Activities */ = {
			isa = PBXGroup;
			children = (
				EF7FE46017F308B90032ADF2 /* KSActivity.h */,
				EF7FE46117F308B90032ADF2 /* KSActivity.m */,
				EF7FE45D17F308B80032ADF2 /* KSProject.h */,
				EF7FE45E17F308B80032ADF2 /* KSProject.m */,
			);
			name = Projects/Activities;
			sourceTree = "<group>";
		};
		EF4ED9C917E8A1140013DCAD /* NSLogger */ = {
			isa = PBXGroup;
			children = (
				EF4ED9CA17E8A1200013DCAD /* LoggerClient.h */,
				EF4ED9CB17E8A1200013DCAD /* LoggerClient.m */,
				EF4ED9CC17E8A1200013DCAD /* LoggerCommon.h */,
			);
			name = NSLogger;
			sourceTree = "<group>";
		};
		EF535B26183C10D400F31871 /* Menu */ = {
			isa = PBXGroup;
			children = (
				EF535B2D183C1D5C00F31871 /* KSMenuController.h */,
				EF535B2E183C1D5C00F31871 /* KSMenuController.m */,
				EF535B30183C1FCE00F31871 /* KSMenu.xib */,
				EF907239186F46F800768113 /* KSRecordActivityWindowController.h */,
				EF90723A186F46F800768113 /* KSRecordActivityWindowController.m */,
				EF90723B186F46F800768113 /* KSRecordActivityWindowController.xib */,
			);
			name = Menu;
			sourceTree = "<group>";
		};
		EF83BAF018BD78C200C48B2E /* AFNetworking */ = {
			isa = PBXGroup;
			children = (
				EF83BAF118BD78C200C48B2E /* AFHTTPClient.h */,
				EF83BAF218BD78C200C48B2E /* AFHTTPClient.m */,
				EF83BAF318BD78C200C48B2E /* AFHTTPRequestOperation.h */,
				EF83BAF418BD78C200C48B2E /* AFHTTPRequestOperation.m */,
				EF83BAF518BD78C200C48B2E /* AFImageRequestOperation.h */,
				EF83BAF618BD78C200C48B2E /* AFImageRequestOperation.m */,
				EF83BAF718BD78C200C48B2E /* AFJSONRequestOperation.h */,
				EF83BAF818BD78C200C48B2E /* AFJSONRequestOperation.m */,
				EF83BAF918BD78C200C48B2E /* AFNetworkActivityIndicatorManager.h */,
				EF83BAFA18BD78C200C48B2E /* AFNetworkActivityIndicatorManager.m */,
				EF83BAFB18BD78C200C48B2E /* AFNetworking.h */,
				EF83BAFC18BD78C200C48B2E /* AFPropertyListRequestOperation.h */,
				EF83BAFD18BD78C200C48B2E /* AFPropertyListRequestOperation.m */,
				EF83BAFE18BD78C200C48B2E /* AFURLConnectionOperation.h */,
				EF83BAFF18BD78C200C48B2E /* AFURLConnectionOperation.m */,
				EF83BB0018BD78C200C48B2E /* AFXMLRequestOperation.h */,
				EF83BB0118BD78C200C48B2E /* AFXMLRequestOperation.m */,
				EF83BB0218BD78C200C48B2E /* UIImageView+AFNetworking.h */,
				EF83BB0318BD78C200C48B2E /* UIImageView+AFNetworking.m */,
			);
			name = AFNetworking;
			path = ThirdPartyLibraries/AFNetworking;
			sourceTree = "<group>";
		};
		EF83BB0418BD78C200C48B2E /* JSONKit */ = {
			isa = PBXGroup;
			children = (
				EF83BB0518BD78C300C48B2E /* JSONKit.h */,
				EF83BB0618BD78C300C48B2E /* JSONKit.m */,
			);
			name = JSONKit;
			path = ThirdPartyLibraries/JSONKit;
			sourceTree = "<group>";
		};
		EF83BB0718BD78C300C48B2E /* LaunchAtLoginController */ = {
			isa = PBXGroup;
			children = (
				EF83BB0818BD78C300C48B2E /* LaunchAtLoginController.h */,
				EF83BB0918BD78C300C48B2E /* LaunchAtLoginController.m */,
			);
			name = LaunchAtLoginController;
			path = ThirdPartyLibraries/LaunchAtLoginController;
			sourceTree = "<group>";
		};
		EF83BB1518BD79A000C48B2E /* NDAppleEvents */ = {
			isa = PBXGroup;
			children = (
				EF83BB1618BD79A000C48B2E /* NDProgrammerUtilities.h */,
				EF83BB1718BD79A000C48B2E /* NDProgrammerUtilities.m */,
				EF83BB1818BD79A100C48B2E /* NSAppleEventDescriptor+NDCoercion.h */,
				EF83BB1918BD79A100C48B2E /* NSAppleEventDescriptor+NDCoercion.m */,
				EF83BB1A18BD79A100C48B2E /* NSURL+NDCarbonUtilities.h */,
				EF83BB1B18BD79A100C48B2E /* NSURL+NDCarbonUtilities.m */,
				EF83BB1C18BD79A100C48B2E /* NSValue+NDFourCharCode.h */,
				EF83BB1D18BD79A100C48B2E /* NSValue+NDFourCharCode.m */,
			);
			name = NDAppleEvents;
			path = "KnowSelf X/ThirdPartyLibraries/NDAppleEvents";
			sourceTree = SOURCE_ROOT;
		};
		EFA10F9418BA4BF100B8808A /* Idle Sensor Helpers */ = {
			isa = PBXGroup;
			children = (
				EFA10F9518BA4C0500B8808A /* KSIdleTimeHelper.h */,
			);
			name = "Idle Sensor Helpers";
			sourceTree = "<group>";
		};
		EFA10F9B18BA648900B8808A /* Custom UI Elements */ = {
			isa = PBXGroup;
			children = (
				EFA10F9C18BA64AF00B8808A /* KSTextField.h */,
				EFA10F9D18BA64AF00B8808A /* KSTextField.m */,
			);
			name = "Custom UI Elements";
			sourceTree = "<group>";
		};
		EFA3306218B6670D00E61E7C /* Focus Sensor Helpers */ = {
			isa = PBXGroup;
			children = (
				EFA3306318B6672300E61E7C /* KSScreenshotGrabber.h */,
				EFA3306418B6672300E61E7C /* KSScreenshotGrabber.m */,
			);
			name = "Focus Sensor Helpers";
			sourceTree = "<group>";
		};
		EFA670C417BBF6DE00C43BB0 = {
			isa = PBXGroup;
			children = (
				EFA670D617BBF6DE00C43BB0 /* KnowSensor X */,
				EFA670F717BBF6DE00C43BB0 /* KnowSensor XTests */,
				EFA670CF17BBF6DE00C43BB0 /* Frameworks */,
				EFA670CE17BBF6DE00C43BB0 /* Products */,
			);
			sourceTree = "<group>";
		};
		EFA670CE17BBF6DE00C43BB0 /* Products */ = {
			isa = PBXGroup;
			children = (
				EFA670CD17BBF6DE00C43BB0 /* KnowSensor X.app */,
				EFA670F117BBF6DE00C43BB0 /* KnowSensor XTests.xctest */,
			);
			name = Products;
			sourceTree = "<group>";
		};
		EFA670CF17BBF6DE00C43BB0 /* Frameworks */ = {
			isa = PBXGroup;
			children = (
				EF1618B717FC913F0026078D /* Security.framework */,
				EF1618B517FC91060026078D /* Carbon.framework */,
				EF02C12417CC0F1200548F75 /* MediaAccessibility.framework */,
				EFABBDF017C2CEF200043481 /* libcrypto.dylib */,
				EFA6710717BBF95100C43BB0 /* Additional Libraries */,
				EFA6719217BBFD3600C43BB0 /* SystemConfiguration.framework */,
				EFA670D017BBF6DE00C43BB0 /* Cocoa.framework */,
				EFA670F217BBF6DE00C43BB0 /* XCTest.framework */,
				EFA670D217BBF6DE00C43BB0 /* Other Frameworks */,
			);
			name = Frameworks;
			sourceTree = "<group>";
		};
		EFA670D217BBF6DE00C43BB0 /* Other Frameworks */ = {
			isa = PBXGroup;
			children = (
				EF4ED9C917E8A1140013DCAD /* NSLogger */,
				EFA670D317BBF6DE00C43BB0 /* AppKit.framework */,
				EFA670D417BBF6DE00C43BB0 /* CoreData.framework */,
				EFA670D517BBF6DE00C43BB0 /* Foundation.framework */,
			);
			name = "Other Frameworks";
			sourceTree = "<group>";
		};
		EFA670D617BBF6DE00C43BB0 /* KnowSensor X */ = {
			isa = PBXGroup;
			children = (
				EF051F7D17F9D2410013065F /* Controllers */,
				EFABBDDF17C2B4E000043481 /* Server Commnunication */,
				EFE8F32417BD3BAE00D6369E /* Views&Windows */,
				EFE8F31C17BD2F5500D6369E /* Utils */,
				EFE8F31717BD2B4900D6369E /* Sensors */,
				EFE8F2EC17BD09D200D6369E /* DataModel */,
				EFA670E217BBF6DE00C43BB0 /* KSAppDelegate.h */,
				EFA670E317BBF6DE00C43BB0 /* KSAppDelegate.m */,
				EFA670E517BBF6DE00C43BB0 /* MainMenu.xib */,
				EFA6715E17BBF99800C43BB0 /* AppleScripts */,
				EFC106FC17FDD1160003A3F0 /* Images.xcassets */,
				EFA670D717BBF6DE00C43BB0 /* Supporting Files */,
			);
			name = "KnowSensor X";
			path = "KnowSelf X";
			sourceTree = "<group>";
		};
		EFA670D717BBF6DE00C43BB0 /* Supporting Files */ = {
			isa = PBXGroup;
			children = (
				EFA670D817BBF6DE00C43BB0 /* KnowSensor X-Info.plist */,
				EFA670D917BBF6DE00C43BB0 /* InfoPlist.strings */,
				EFA670DC17BBF6DE00C43BB0 /* main.m */,
				EFA670DE17BBF6DE00C43BB0 /* KnowSensor X-Prefix.pch */,
				EFA670DF17BBF6DE00C43BB0 /* Credits.rtf */,
			);
			name = "Supporting Files";
			sourceTree = "<group>";
		};
		EFA670F717BBF6DE00C43BB0 /* KnowSensor XTests */ = {
			isa = PBXGroup;
			children = (
				EFA670FD17BBF6DE00C43BB0 /* KnowSelf_XTests.m */,
				EFA670F817BBF6DE00C43BB0 /* Supporting Files */,
			);
			name = "KnowSensor XTests";
			path = "KnowSelf XTests";
			sourceTree = "<group>";
		};
		EFA670F817BBF6DE00C43BB0 /* Supporting Files */ = {
			isa = PBXGroup;
			children = (
				EFA670F917BBF6DE00C43BB0 /* KnowSensor XTests-Info.plist */,
				EFA670FA17BBF6DE00C43BB0 /* InfoPlist.strings */,
			);
			name = "Supporting Files";
			sourceTree = "<group>";
		};
		EFA6710717BBF95100C43BB0 /* Additional Libraries */ = {
			isa = PBXGroup;
			children = (
				EF83BB1518BD79A000C48B2E /* NDAppleEvents */,
				EF83BAF018BD78C200C48B2E /* AFNetworking */,
				EF83BB0418BD78C200C48B2E /* JSONKit */,
				EF83BB0718BD78C300C48B2E /* LaunchAtLoginController */,
			);
			name = "Additional Libraries";
			path = "KnowSelf X";
			sourceTree = "<group>";
		};
		EFA6715E17BBF99800C43BB0 /* AppleScripts */ = {
			isa = PBXGroup;
			children = (
				EFA6715F17BBF9B600C43BB0 /* UrlFromBrowser.scpt */,
				EFA7DE9B180F2620000A8B4E /* ActiveFile.scpt */,
				EFA7DE9C180F2620000A8B4E /* WindowTitle.scpt */,
			);
			name = AppleScripts;
			sourceTree = "<group>";
		};
		EFABBDDF17C2B4E000043481 /* Server Commnunication */ = {
			isa = PBXGroup;
			children = (
				EFABBDE917C2BA2900043481 /* Base64 */,
				EFABBDE317C2B55300043481 /* KSAPIClient.h */,
				EFABBDE417C2B55300043481 /* KSAPIClient.m */,
			);
			name = "Server Commnunication";
			sourceTree = "<group>";
		};
		EFABBDE917C2BA2900043481 /* Base64 */ = {
			isa = PBXGroup;
			children = (
				EF0FA79318C10060003EDECD /* NSData-Base64Extensions.h */,
				EF0FA79418C10060003EDECD /* NSData-Base64Extensions.m */,
			);
			name = Base64;
			sourceTree = "<group>";
		};
		EFE8F2EC17BD09D200D6369E /* DataModel */ = {
			isa = PBXGroup;
			children = (
				EF2D36A318BABA5A00117CCE /* Projects/Activities */,
				EF2D36A218BABA4600117CCE /* Events */,
				EF2D36A118BABA3400117CCE /* Protocols */,
			);
			name = DataModel;
			sourceTree = "<group>";
		};
		EFE8F2FD17BD1B8700D6369E /* Categories */ = {
			isa = PBXGroup;
			children = (
				EF0FA79918C10391003EDECD /* NSImage+ProportionalScaling.h */,
				EF0FA79A18C10391003EDECD /* NSImage+ProportionalScaling.m */,
				EF0FA79618C10380003EDECD /* NSColor+HexParsing.h */,
				EF0FA79718C10380003EDECD /* NSColor+HexParsing.m */,
			);
			name = Categories;
			sourceTree = "<group>";
		};
		EFE8F31717BD2B4900D6369E /* Sensors */ = {
			isa = PBXGroup;
			children = (
				EFA10F9418BA4BF100B8808A /* Idle Sensor Helpers */,
				EFA3306218B6670D00E61E7C /* Focus Sensor Helpers */,
				EFE8F31917BD2B9C00D6369E /* KSSensor.h */,
				EFE8F31A17BD2B9C00D6369E /* KSSensor.m */,
				EFE8F31E17BD3A6400D6369E /* KSFocusSensor.h */,
				EFE8F31F17BD3A6400D6369E /* KSFocusSensor.m */,
				EFE8F32117BD3B3E00D6369E /* KSIdleSensor.h */,
				EFE8F32217BD3B3E00D6369E /* KSIdleSensor.m */,
			);
			name = Sensors;
			sourceTree = "<group>";
		};
		EFE8F31C17BD2F5500D6369E /* Utils */ = {
			isa = PBXGroup;
			children = (
				EFE8F2FD17BD1B8700D6369E /* Categories */,
				EFE8F31D17BD2F6A00D6369E /* KSGlobals.h */,
				EF99933517C413DC002E7458 /* KSUserInfo.h */,
				EF99933617C413DC002E7458 /* KSUserInfo.m */,
				EF0840A817F76AB600BC7282 /* KSUtils.h */,
				EF0840A917F76AB600BC7282 /* KSUtils.m */,
			);
			name = Utils;
			sourceTree = "<group>";
		};
		EFE8F32417BD3BAE00D6369E /* Views&Windows */ = {
			isa = PBXGroup;
			children = (
				EFA10F9B18BA648900B8808A /* Custom UI Elements */,
				EF535B26183C10D400F31871 /* Menu */,
				EFE8F32517BD3BE100D6369E /* KSMainWindowController.h */,
				EFE8F32617BD3BE100D6369E /* KSMainWindowController.m */,
				EFE8F32717BD3BE100D6369E /* KSMainWindowController.xib */,
				EF9EC4C317C0F51F00A4A5A0 /* KSSettingsViewController.h */,
				EF9EC4C417C0F51F00A4A5A0 /* KSSettingsViewController.m */,
				EF9EC4C517C0F51F00A4A5A0 /* KSSettingsViewController.xib */,
				EF151748189E91B400BC2671 /* KSSpecialApplicationsViewController.h */,
				EF151749189E91B400BC2671 /* KSSpecialApplicationsViewController.m */,
				EF15174A189E91B400BC2671 /* KSSpecialApplicationsViewController.xib */,
				EF7E349E18A25CF200CE2E3E /* KSURLMappingViewController.h */,
				EF7E349F18A25CF200CE2E3E /* KSURLMappingViewController.m */,
				EF7E34A018A25CF200CE2E3E /* KSURLMappingViewController.xib */,
			);
			name = "Views&Windows";
			sourceTree = "<group>";
		};
/* End PBXGroup section */

/* Begin PBXNativeTarget section */
		EFA670CC17BBF6DE00C43BB0 /* KnowSensor X */ = {
			isa = PBXNativeTarget;
			buildConfigurationList = EFA6710117BBF6DE00C43BB0 /* Build configuration list for PBXNativeTarget "KnowSensor X" */;
			buildPhases = (
				EFA670C917BBF6DE00C43BB0 /* Sources */,
				EFA670CA17BBF6DE00C43BB0 /* Frameworks */,
				EFA670CB17BBF6DE00C43BB0 /* Resources */,
			);
			buildRules = (
			);
			dependencies = (
			);
			name = "KnowSensor X";
			productName = "KnowSelf X";
			productReference = EFA670CD17BBF6DE00C43BB0 /* KnowSensor X.app */;
			productType = "com.apple.product-type.application";
		};
		EFA670F017BBF6DE00C43BB0 /* KnowSensor XTests */ = {
			isa = PBXNativeTarget;
			buildConfigurationList = EFA6710417BBF6DE00C43BB0 /* Build configuration list for PBXNativeTarget "KnowSensor XTests" */;
			buildPhases = (
				EFA670ED17BBF6DE00C43BB0 /* Sources */,
				EFA670EE17BBF6DE00C43BB0 /* Frameworks */,
				EFA670EF17BBF6DE00C43BB0 /* Resources */,
			);
			buildRules = (
			);
			dependencies = (
				EFA670F617BBF6DE00C43BB0 /* PBXTargetDependency */,
			);
			name = "KnowSensor XTests";
			productName = "KnowSelf XTests";
			productReference = EFA670F117BBF6DE00C43BB0 /* KnowSensor XTests.xctest */;
			productType = "com.apple.product-type.bundle.unit-test";
		};
/* End PBXNativeTarget section */

/* Begin PBXProject section */
		EFA670C517BBF6DE00C43BB0 /* Project object */ = {
			isa = PBXProject;
			attributes = {
				CLASSPREFIX = KS;
				LastUpgradeCheck = 0500;
				ORGANIZATIONNAME = "David Ganster";
				TargetAttributes = {
					EFA670F017BBF6DE00C43BB0 = {
						TestTargetID = EFA670CC17BBF6DE00C43BB0;
					};
				};
			};
			buildConfigurationList = EFA670C817BBF6DE00C43BB0 /* Build configuration list for PBXProject "KnowSensor X" */;
			compatibilityVersion = "Xcode 3.2";
			developmentRegion = English;
			hasScannedForEncodings = 0;
			knownRegions = (
				en,
				Base,
			);
			mainGroup = EFA670C417BBF6DE00C43BB0;
			productRefGroup = EFA670CE17BBF6DE00C43BB0 /* Products */;
			projectDirPath = "";
			projectRoot = "";
			targets = (
				EFA670CC17BBF6DE00C43BB0 /* KnowSensor X */,
				EFA670F017BBF6DE00C43BB0 /* KnowSensor XTests */,
			);
		};
/* End PBXProject section */

/* Begin PBXResourcesBuildPhase section */
		EFA670CB17BBF6DE00C43BB0 /* Resources */ = {
			isa = PBXResourcesBuildPhase;
			buildActionMask = 2147483647;
			files = (
				EFC106F917FDD0680003A3F0 /* UrlFromBrowser.scpt in Resources */,
				EF7E34A218A25CF200CE2E3E /* KSURLMappingViewController.xib in Resources */,
				EF9EC4C717C0F51F00A4A5A0 /* KSSettingsViewController.xib in Resources */,
				EFA670DB17BBF6DE00C43BB0 /* InfoPlist.strings in Resources */,
				EF90723D186F46F800768113 /* KSRecordActivityWindowController.xib in Resources */,
				EFA7DE9E180F2620000A8B4E /* WindowTitle.scpt in Resources */,
				EF15174C189E91B400BC2671 /* KSSpecialApplicationsViewController.xib in Resources */,
				EFE8F32917BD3BE100D6369E /* KSMainWindowController.xib in Resources */,
				EFA7DE9D180F2620000A8B4E /* ActiveFile.scpt in Resources */,
				EFA670E117BBF6DE00C43BB0 /* Credits.rtf in Resources */,
				EF535B31183C1FCE00F31871 /* KSMenu.xib in Resources */,
				EFC106FD17FDD1160003A3F0 /* Images.xcassets in Resources */,
				EFA670E717BBF6DE00C43BB0 /* MainMenu.xib in Resources */,
			);
			runOnlyForDeploymentPostprocessing = 0;
		};
		EFA670EF17BBF6DE00C43BB0 /* Resources */ = {
			isa = PBXResourcesBuildPhase;
			buildActionMask = 2147483647;
			files = (
				EFA670FC17BBF6DE00C43BB0 /* InfoPlist.strings in Resources */,
			);
			runOnlyForDeploymentPostprocessing = 0;
		};
/* End PBXResourcesBuildPhase section */

/* Begin PBXSourcesBuildPhase section */
		EFA670C917BBF6DE00C43BB0 /* Sources */ = {
			isa = PBXSourcesBuildPhase;
			buildActionMask = 2147483647;
			files = (
				EF83BB0C18BD78C300C48B2E /* AFImageRequestOperation.m in Sources */,
				EF0840AA17F76AB600BC7282 /* KSUtils.m in Sources */,
				EF0FA79818C10380003EDECD /* NSColor+HexParsing.m in Sources */,
				EF7E34A118A25CF200CE2E3E /* KSURLMappingViewController.m in Sources */,
				EF83BB0E18BD78C300C48B2E /* AFNetworkActivityIndicatorManager.m in Sources */,
				EF4ED9CD17E8A1200013DCAD /* LoggerClient.m in Sources */,
				EFE8F31B17BD2B9C00D6369E /* KSSensor.m in Sources */,
				EFE8F32017BD3A6400D6369E /* KSFocusSensor.m in Sources */,
				EF83BB1118BD78C300C48B2E /* AFXMLRequestOperation.m in Sources */,
				EF83BB0B18BD78C300C48B2E /* AFHTTPRequestOperation.m in Sources */,
				EF9EC4C617C0F51F00A4A5A0 /* KSSettingsViewController.m in Sources */,
				EF90723C186F46F800768113 /* KSRecordActivityWindowController.m in Sources */,
				EF83BB0A18BD78C300C48B2E /* AFHTTPClient.m in Sources */,
				EFABBDE517C2B55300043481 /* KSAPIClient.m in Sources */,
				EF83BB0F18BD78C300C48B2E /* AFPropertyListRequestOperation.m in Sources */,
				EF83BB2018BD79A100C48B2E /* NSURL+NDCarbonUtilities.m in Sources */,
				EFA670E417BBF6DE00C43BB0 /* KSAppDelegate.m in Sources */,
				EF83BB1418BD78C300C48B2E /* LaunchAtLoginController.m in Sources */,
				EFA10F9E18BA64AF00B8808A /* KSTextField.m in Sources */,
				EF83BB0D18BD78C300C48B2E /* AFJSONRequestOperation.m in Sources */,
				EF83BB1F18BD79A100C48B2E /* NSAppleEventDescriptor+NDCoercion.m in Sources */,
				EF83BB1E18BD79A100C48B2E /* NDProgrammerUtilities.m in Sources */,
				EFE8F2F017BD0D1B00D6369E /* KSFocusEvent.m in Sources */,
				EF7FE45F17F308B80032ADF2 /* KSProject.m in Sources */,
				EFE8F2F617BD0D1C00D6369E /* KSEvent.m in Sources */,
				EF15174B189E91B400BC2671 /* KSSpecialApplicationsViewController.m in Sources */,
				EFA3306518B6672300E61E7C /* KSScreenshotGrabber.m in Sources */,
				EF7EFAB018B7ADFE00763507 /* KSScreenshotData.m in Sources */,
				EF83BB1318BD78C300C48B2E /* JSONKit.m in Sources */,
				EF83BB1018BD78C300C48B2E /* AFURLConnectionOperation.m in Sources */,
				EF83BB1218BD78C300C48B2E /* UIImageView+AFNetworking.m in Sources */,
				EF0FA79518C10060003EDECD /* NSData-Base64Extensions.m in Sources */,
				EF8B4C0618119BBC00EB31DE /* KSIdleEvent.m in Sources */,
				EFE8F32317BD3B3E00D6369E /* KSIdleSensor.m in Sources */,
				EFA1629218104F0F002D481B /* KSProjectController.m in Sources */,
				EF051F8017F9D2600013065F /* KSSensorController.m in Sources */,
				EF99933717C413DC002E7458 /* KSUserInfo.m in Sources */,
				EF7FE46217F308B90032ADF2 /* KSActivity.m in Sources */,
				EF0FA79B18C10391003EDECD /* NSImage+ProportionalScaling.m in Sources */,
				EFA670DD17BBF6DE00C43BB0 /* main.m in Sources */,
				EF535B2F183C1D5C00F31871 /* KSMenuController.m in Sources */,
				EF83BB2118BD79A100C48B2E /* NSValue+NDFourCharCode.m in Sources */,
				EFE8F32817BD3BE100D6369E /* KSMainWindowController.m in Sources */,
			);
			runOnlyForDeploymentPostprocessing = 0;
		};
		EFA670ED17BBF6DE00C43BB0 /* Sources */ = {
			isa = PBXSourcesBuildPhase;
			buildActionMask = 2147483647;
			files = (
				EFA670FE17BBF6DE00C43BB0 /* KnowSelf_XTests.m in Sources */,
			);
			runOnlyForDeploymentPostprocessing = 0;
		};
/* End PBXSourcesBuildPhase section */

/* Begin PBXTargetDependency section */
		EFA670F617BBF6DE00C43BB0 /* PBXTargetDependency */ = {
			isa = PBXTargetDependency;
			target = EFA670CC17BBF6DE00C43BB0 /* KnowSensor X */;
			targetProxy = EFA670F517BBF6DE00C43BB0 /* PBXContainerItemProxy */;
		};
/* End PBXTargetDependency section */

/* Begin PBXVariantGroup section */
		EFA670D917BBF6DE00C43BB0 /* InfoPlist.strings */ = {
			isa = PBXVariantGroup;
			children = (
				EFA670DA17BBF6DE00C43BB0 /* en */,
			);
			name = InfoPlist.strings;
			sourceTree = "<group>";
		};
		EFA670DF17BBF6DE00C43BB0 /* Credits.rtf */ = {
			isa = PBXVariantGroup;
			children = (
				EFA670E017BBF6DE00C43BB0 /* en */,
			);
			name = Credits.rtf;
			sourceTree = "<group>";
		};
		EFA670E517BBF6DE00C43BB0 /* MainMenu.xib */ = {
			isa = PBXVariantGroup;
			children = (
				EFA670E617BBF6DE00C43BB0 /* Base */,
			);
			name = MainMenu.xib;
			sourceTree = "<group>";
		};
		EFA670FA17BBF6DE00C43BB0 /* InfoPlist.strings */ = {
			isa = PBXVariantGroup;
			children = (
				EFA670FB17BBF6DE00C43BB0 /* en */,
			);
			name = InfoPlist.strings;
			sourceTree = "<group>";
		};
/* End PBXVariantGroup section */

/* Begin XCBuildConfiguration section */
		EFA670FF17BBF6DE00C43BB0 /* Debug */ = {
			isa = XCBuildConfiguration;
			buildSettings = {
				ALWAYS_SEARCH_USER_PATHS = NO;
				CLANG_CXX_LANGUAGE_STANDARD = "gnu++0x";
				CLANG_CXX_LIBRARY = "libc++";
				CLANG_ENABLE_MODULES = YES;
				CLANG_ENABLE_OBJC_ARC = YES;
				CLANG_WARN_BOOL_CONVERSION = YES;
				CLANG_WARN_CONSTANT_CONVERSION = YES;
				CLANG_WARN_DIRECT_OBJC_ISA_USAGE = YES_ERROR;
				CLANG_WARN_EMPTY_BODY = YES;
				CLANG_WARN_ENUM_CONVERSION = YES;
				CLANG_WARN_INT_CONVERSION = YES;
				CLANG_WARN_OBJC_ROOT_CLASS = YES_ERROR;
				CLANG_WARN__DUPLICATE_METHOD_MATCH = YES;
				COPY_PHASE_STRIP = NO;
				GCC_C_LANGUAGE_STANDARD = gnu99;
				GCC_DYNAMIC_NO_PIC = NO;
				GCC_ENABLE_OBJC_EXCEPTIONS = YES;
				GCC_OPTIMIZATION_LEVEL = 0;
				GCC_PREPROCESSOR_DEFINITIONS = (
					"DEBUG=1",
					"$(inherited)",
				);
				GCC_SYMBOLS_PRIVATE_EXTERN = NO;
				GCC_WARN_64_TO_32_BIT_CONVERSION = YES;
				GCC_WARN_ABOUT_RETURN_TYPE = YES_ERROR;
				GCC_WARN_UNDECLARED_SELECTOR = YES;
				GCC_WARN_UNINITIALIZED_AUTOS = YES;
				GCC_WARN_UNUSED_FUNCTION = YES;
				GCC_WARN_UNUSED_VARIABLE = YES;
				MACOSX_DEPLOYMENT_TARGET = 10.7;
				ONLY_ACTIVE_ARCH = YES;
				SDKROOT = macosx;
			};
			name = Debug;
		};
		EFA6710017BBF6DE00C43BB0 /* Release */ = {
			isa = XCBuildConfiguration;
			buildSettings = {
				ALWAYS_SEARCH_USER_PATHS = NO;
				CLANG_CXX_LANGUAGE_STANDARD = "gnu++0x";
				CLANG_CXX_LIBRARY = "libc++";
				CLANG_ENABLE_MODULES = YES;
				CLANG_ENABLE_OBJC_ARC = YES;
				CLANG_WARN_BOOL_CONVERSION = YES;
				CLANG_WARN_CONSTANT_CONVERSION = YES;
				CLANG_WARN_DIRECT_OBJC_ISA_USAGE = YES_ERROR;
				CLANG_WARN_EMPTY_BODY = YES;
				CLANG_WARN_ENUM_CONVERSION = YES;
				CLANG_WARN_INT_CONVERSION = YES;
				CLANG_WARN_OBJC_ROOT_CLASS = YES_ERROR;
				CLANG_WARN__DUPLICATE_METHOD_MATCH = YES;
				COPY_PHASE_STRIP = YES;
				DEBUG_INFORMATION_FORMAT = "dwarf-with-dsym";
				ENABLE_NS_ASSERTIONS = NO;
				GCC_C_LANGUAGE_STANDARD = gnu99;
				GCC_ENABLE_OBJC_EXCEPTIONS = YES;
				GCC_WARN_64_TO_32_BIT_CONVERSION = YES;
				GCC_WARN_ABOUT_RETURN_TYPE = YES_ERROR;
				GCC_WARN_UNDECLARED_SELECTOR = YES;
				GCC_WARN_UNINITIALIZED_AUTOS = YES;
				GCC_WARN_UNUSED_FUNCTION = YES;
				GCC_WARN_UNUSED_VARIABLE = YES;
				MACOSX_DEPLOYMENT_TARGET = 10.7;
				SDKROOT = macosx;
			};
			name = Release;
		};
		EFA6710217BBF6DE00C43BB0 /* Debug */ = {
			isa = XCBuildConfiguration;
			buildSettings = {
				ASSETCATALOG_COMPILER_APPICON_NAME = AppIcon;
				COMBINE_HIDPI_IMAGES = YES;
				FRAMEWORK_SEARCH_PATHS = (
					"$(inherited)",
					"/Users/davidganster/Documents/Projects/KnowSelf\\ X/KnowServer/runner/equinox/org.eclipse.osgi/bundles/4/1/.cp/lib",
					"/Users/davidganster/Documents/Projects/KnowSelf\\ X/KnowServer/runner/equinox/org.eclipse.osgi/bundles/6/1/.cp/lib",
				);
				GCC_PRECOMPILE_PREFIX_HEADER = YES;
				GCC_PREFIX_HEADER = "KnowSelf X/KnowSensor X-Prefix.pch";
				INFOPLIST_FILE = "KnowSelf X/KnowSensor X-Info.plist";
				MACOSX_DEPLOYMENT_TARGET = 10.7;
				ONLY_ACTIVE_ARCH = NO;
				PRODUCT_NAME = "KnowSensor X";
				SDKROOT = macosx10.9;
				WRAPPER_EXTENSION = app;
			};
			name = Debug;
		};
		EFA6710317BBF6DE00C43BB0 /* Release */ = {
			isa = XCBuildConfiguration;
			buildSettings = {
				ASSETCATALOG_COMPILER_APPICON_NAME = AppIcon;
				COMBINE_HIDPI_IMAGES = YES;
				FRAMEWORK_SEARCH_PATHS = (
					"$(inherited)",
					"/Users/davidganster/Documents/Projects/KnowSelf\\ X/KnowServer/runner/equinox/org.eclipse.osgi/bundles/4/1/.cp/lib",
					"/Users/davidganster/Documents/Projects/KnowSelf\\ X/KnowServer/runner/equinox/org.eclipse.osgi/bundles/6/1/.cp/lib",
				);
				GCC_PRECOMPILE_PREFIX_HEADER = YES;
				GCC_PREFIX_HEADER = "KnowSelf X/KnowSensor X-Prefix.pch";
				INFOPLIST_FILE = "KnowSelf X/KnowSensor X-Info.plist";
				MACOSX_DEPLOYMENT_TARGET = 10.7;
				PRODUCT_NAME = "KnowSensor X";
				SDKROOT = macosx10.9;
				WRAPPER_EXTENSION = app;
			};
			name = Release;
		};
		EFA6710517BBF6DE00C43BB0 /* Debug */ = {
			isa = XCBuildConfiguration;
			buildSettings = {
				BUNDLE_LOADER = "$(BUILT_PRODUCTS_DIR)/KnowSelf X.app/Contents/MacOS/KnowSelf X";
				COMBINE_HIDPI_IMAGES = YES;
				FRAMEWORK_SEARCH_PATHS = (
					"$(DEVELOPER_FRAMEWORKS_DIR)",
					"$(inherited)",
				);
				GCC_PRECOMPILE_PREFIX_HEADER = YES;
				GCC_PREFIX_HEADER = "KnowSelf X/KnowSelf X-Prefix.pch";
				GCC_PREPROCESSOR_DEFINITIONS = (
					"DEBUG=1",
					"$(inherited)",
				);
				INFOPLIST_FILE = "KnowSelf XTests/KnowSensor XTests-Info.plist";
				PRODUCT_NAME = "KnowSensor XTests";
				TEST_HOST = "$(BUNDLE_LOADER)";
				WRAPPER_EXTENSION = xctest;
			};
			name = Debug;
		};
		EFA6710617BBF6DE00C43BB0 /* Release */ = {
			isa = XCBuildConfiguration;
			buildSettings = {
				BUNDLE_LOADER = "$(BUILT_PRODUCTS_DIR)/KnowSelf X.app/Contents/MacOS/KnowSelf X";
				COMBINE_HIDPI_IMAGES = YES;
				FRAMEWORK_SEARCH_PATHS = (
					"$(DEVELOPER_FRAMEWORKS_DIR)",
					"$(inherited)",
				);
				GCC_PRECOMPILE_PREFIX_HEADER = YES;
				GCC_PREFIX_HEADER = "KnowSelf X/KnowSelf X-Prefix.pch";
				INFOPLIST_FILE = "KnowSelf XTests/KnowSensor XTests-Info.plist";
				PRODUCT_NAME = "KnowSensor XTests";
				TEST_HOST = "$(BUNDLE_LOADER)";
				WRAPPER_EXTENSION = xctest;
			};
			name = Release;
		};
/* End XCBuildConfiguration section */

/* Begin XCConfigurationList section */
		EFA670C817BBF6DE00C43BB0 /* Build configuration list for PBXProject "KnowSensor X" */ = {
			isa = XCConfigurationList;
			buildConfigurations = (
				EFA670FF17BBF6DE00C43BB0 /* Debug */,
				EFA6710017BBF6DE00C43BB0 /* Release */,
			);
			defaultConfigurationIsVisible = 0;
			defaultConfigurationName = Release;
		};
		EFA6710117BBF6DE00C43BB0 /* Build configuration list for PBXNativeTarget "KnowSensor X" */ = {
			isa = XCConfigurationList;
			buildConfigurations = (
				EFA6710217BBF6DE00C43BB0 /* Debug */,
				EFA6710317BBF6DE00C43BB0 /* Release */,
			);
			defaultConfigurationIsVisible = 0;
			defaultConfigurationName = Release;
		};
		EFA6710417BBF6DE00C43BB0 /* Build configuration list for PBXNativeTarget "KnowSensor XTests" */ = {
			isa = XCConfigurationList;
			buildConfigurations = (
				EFA6710517BBF6DE00C43BB0 /* Debug */,
				EFA6710617BBF6DE00C43BB0 /* Release */,
			);
			defaultConfigurationIsVisible = 0;
			defaultConfigurationName = Release;
		};
/* End XCConfigurationList section */
	};
	rootObject = EFA670C517BBF6DE00C43BB0 /* Project object */;
}
